
Microsoft Visual Studio Solution File, Format Version 12.00
# Visual Studio Version 16
VisualStudioVersion = 16.0.29519.87
MinimumVisualStudioVersion = 10.0.40219.1
Project("{FAE04EC0-301F-11D3-BF4B-00C04F79EFBC}") = "LoopsAndMessageBox", "LoopsAndMessageBox\LoopsAndMessageBox.csproj", "{1DB12F62-BCA5-4ABF-9A61-0ED0E09BB701}"
EndProject
Global
	GlobalSection(SolutionConfigurationPlatforms) = preSolution
		Debug|Any CPU = Debug|Any CPU
		Release|Any CPU = Release|Any CPU
	EndGlobalSection
	GlobalSection(ProjectConfigurationPlatforms) = postSolution
		{1DB12F62-BCA5-4ABF-9A61-0ED0E09BB701}.Debug|Any CPU.ActiveCfg = Debug|Any CPU
		{1DB12F62-BCA5-4ABF-9A61-0ED0E09BB701}.Debug|Any CPU.Build.0 = Debug|Any CPU
		{1DB12F62-BCA5-4ABF-9A61-0ED0E09BB701}.Release|Any CPU.ActiveCfg = Release|Any CPU
		{1DB12F62-BCA5-4ABF-9A61-0ED0E09BB701}.Release|Any CPU.Build.0 = Release|Any CPU
	EndGlobalSection
	GlobalSection(SolutionProperties) = preSolution
		HideSolutionNode = FALSE
	EndGlobalSection
	GlobalSection(ExtensibilityGlobals) = postSolution
		SolutionGuid = {45B1BD82-CD3E-4BE1-A625-CBF9BF7038D0}
	EndGlobalSection
EndGlobal
